
Microsoft Visual Studio Solution File, Format Version 12.00
# Visual Studio 15
VisualStudioVersion = 15.0.28010.0
MinimumVisualStudioVersion = 10.0.40219.1
Project("{FAE04EC0-301F-11D3-BF4B-00C04F79EFBC}") = "SpecFlowDemo", "SpecFlowDemo\SpecFlowDemo.csproj", "{015F0CEA-0A09-4BBF-B459-F77F6D280F86}"
EndProject
Project("{FAE04EC0-301F-11D3-BF4B-00C04F79EFBC}") = "SpecFlowDemo.test", "SpecFlowDemo.test\SpecFlowDemo.test.csproj", "{BCCC1C0F-FB26-431F-B47E-A1BA2AB33D05}"
EndProject
Global
	GlobalSection(SolutionConfigurationPlatforms) = preSolution
		Debug|Any CPU = Debug|Any CPU
		Release|Any CPU = Release|Any CPU
	EndGlobalSection
	GlobalSection(ProjectConfigurationPlatforms) = postSolution
		{015F0CEA-0A09-4BBF-B459-F77F6D280F86}.Debug|Any CPU.ActiveCfg = Debug|Any CPU
		{015F0CEA-0A09-4BBF-B459-F77F6D280F86}.Debug|Any CPU.Build.0 = Debug|Any CPU
		{015F0CEA-0A09-4BBF-B459-F77F6D280F86}.Release|Any CPU.ActiveCfg = Release|Any CPU
		{015F0CEA-0A09-4BBF-B459-F77F6D280F86}.Release|Any CPU.Build.0 = Release|Any CPU
		{BCCC1C0F-FB26-431F-B47E-A1BA2AB33D05}.Debug|Any CPU.ActiveCfg = Debug|Any CPU
		{BCCC1C0F-FB26-431F-B47E-A1BA2AB33D05}.Debug|Any CPU.Build.0 = Debug|Any CPU
		{BCCC1C0F-FB26-431F-B47E-A1BA2AB33D05}.Release|Any CPU.ActiveCfg = Release|Any CPU
		{BCCC1C0F-FB26-431F-B47E-A1BA2AB33D05}.Release|Any CPU.Build.0 = Release|Any CPU
	EndGlobalSection
	GlobalSection(SolutionProperties) = preSolution
		HideSolutionNode = FALSE
	EndGlobalSection
	GlobalSection(ExtensibilityGlobals) = postSolution
		SolutionGuid = {55A1F996-912D-422B-9341-6F9CAB4FE253}
	EndGlobalSection
EndGlobal
